
Microsoft Visual Studio Solution File, Format Version 12.00
# Visual Studio Version 17
VisualStudioVersion = 17.2.32630.192
MinimumVisualStudioVersion = 10.0.40219.1
Project("{FAE04EC0-301F-11D3-BF4B-00C04F79EFBC}") = "oop-Adventure", "oop-Adventure\oop-Adventure.csproj", "{8D351D53-1B49-4F18-BB8F-CC7286AAA00A}"
EndProject
Global
	GlobalSection(SolutionConfigurationPlatforms) = preSolution
		Debug|Any CPU = Debug|Any CPU
		Release|Any CPU = Release|Any CPU
	EndGlobalSection
	GlobalSection(ProjectConfigurationPlatforms) = postSolution
		{8D351D53-1B49-4F18-BB8F-CC7286AAA00A}.Debug|Any CPU.ActiveCfg = Debug|Any CPU
		{8D351D53-1B49-4F18-BB8F-CC7286AAA00A}.Debug|Any CPU.Build.0 = Debug|Any CPU
		{8D351D53-1B49-4F18-BB8F-CC7286AAA00A}.Release|Any CPU.ActiveCfg = Release|Any CPU
		{8D351D53-1B49-4F18-BB8F-CC7286AAA00A}.Release|Any CPU.Build.0 = Release|Any CPU
	EndGlobalSection
	GlobalSection(SolutionProperties) = preSolution
		HideSolutionNode = FALSE
	EndGlobalSection
	GlobalSection(ExtensibilityGlobals) = postSolution
		SolutionGuid = {7EA9ECE7-79A5-412E-926B-F2ECB351AE57}
	EndGlobalSection
EndGlobal
